// !$*UTF8*$!
{
	archiveVersion = 1;
	classes = {
	};
	objectVersion = 56;
	objects = {

/* Begin PBXBuildFile section */
		2736F16B2937891B006CAE0E /* Math.swift in Sources */ = {isa = PBXBuildFile; fileRef = 2736F16A2937891B006CAE0E /* Math.swift */; };
		2798EEE72939768600D52C00 /* DefinitionView.swift in Sources */ = {isa = PBXBuildFile; fileRef = 2798EEE62939768600D52C00 /* DefinitionView.swift */; };
		27ED58DB293763FD00932481 /* GraphTheoryApp.swift in Sources */ = {isa = PBXBuildFile; fileRef = 27ED58DA293763FD00932481 /* GraphTheoryApp.swift */; };
		27ED58DD293763FD00932481 /* ContentView.swift in Sources */ = {isa = PBXBuildFile; fileRef = 27ED58DC293763FD00932481 /* ContentView.swift */; };
		27ED58DF293763FE00932481 /* Assets.xcassets in Resources */ = {isa = PBXBuildFile; fileRef = 27ED58DE293763FE00932481 /* Assets.xcassets */; };
		27ED58E2293763FE00932481 /* Preview Assets.xcassets in Resources */ = {isa = PBXBuildFile; fileRef = 27ED58E1293763FE00932481 /* Preview Assets.xcassets */; };
		27ED58EB2937644000932481 /* Edge.swift in Sources */ = {isa = PBXBuildFile; fileRef = 27ED58EA2937644000932481 /* Edge.swift */; };
		27ED58ED2937646200932481 /* Vertex.swift in Sources */ = {isa = PBXBuildFile; fileRef = 27ED58EC2937646200932481 /* Vertex.swift */; };
		27ED58EF2937649200932481 /* Canvas.swift in Sources */ = {isa = PBXBuildFile; fileRef = 27ED58EE2937649200932481 /* Canvas.swift */; };
		27ED58F1293764B700932481 /* Definition.swift in Sources */ = {isa = PBXBuildFile; fileRef = 27ED58F0293764B700932481 /* Definition.swift */; };
		27ED58F4293764DC00932481 /* ModelData.swift in Sources */ = {isa = PBXBuildFile; fileRef = 27ED58F3293764DC00932481 /* ModelData.swift */; };
		27ED58F62937651300932481 /* PrimTableModel1.swift in Sources */ = {isa = PBXBuildFile; fileRef = 27ED58F52937651300932481 /* PrimTableModel1.swift */; };
		27ED58F82937655C00932481 /* Kruskal1.swift in Sources */ = {isa = PBXBuildFile; fileRef = 27ED58F72937655C00932481 /* Kruskal1.swift */; };
		27ED58FA2937657D00932481 /* ChinesePostmanModel1.swift in Sources */ = {isa = PBXBuildFile; fileRef = 27ED58F92937657D00932481 /* ChinesePostmanModel1.swift */; };
		27ED58FC2937659400932481 /* TSP1.swift in Sources */ = {isa = PBXBuildFile; fileRef = 27ED58FB2937659400932481 /* TSP1.swift */; };
		27ED58FE293765AF00932481 /* Konigsberg2.swift in Sources */ = {isa = PBXBuildFile; fileRef = 27ED58FD293765AF00932481 /* Konigsberg2.swift */; };
		27ED5900293765CE00932481 /* Konigsberg.swift in Sources */ = {isa = PBXBuildFile; fileRef = 27ED58FF293765CE00932481 /* Konigsberg.swift */; };
		27ED5903293767B200932481 /* GraphAlgorithm.swift in Sources */ = {isa = PBXBuildFile; fileRef = 27ED5902293767B200932481 /* GraphAlgorithm.swift */; };
		27ED5905293767CA00932481 /* Kruskal.swift in Sources */ = {isa = PBXBuildFile; fileRef = 27ED5904293767CA00932481 /* Kruskal.swift */; };
		27ED5907293767E400932481 /* Prim.swift in Sources */ = {isa = PBXBuildFile; fileRef = 27ED5906293767E400932481 /* Prim.swift */; };
		27ED5909293767FD00932481 /* PrimTable.swift in Sources */ = {isa = PBXBuildFile; fileRef = 27ED5908293767FD00932481 /* PrimTable.swift */; };
		27ED590B2937681400932481 /* TSP.swift in Sources */ = {isa = PBXBuildFile; fileRef = 27ED590A2937681400932481 /* TSP.swift */; };
		27ED590D2937682F00932481 /* ChinesePostman.swift in Sources */ = {isa = PBXBuildFile; fileRef = 27ED590C2937682F00932481 /* ChinesePostman.swift */; };
		27ED590F2937684800932481 /* EdgeViewExtension.swift in Sources */ = {isa = PBXBuildFile; fileRef = 27ED590E2937684800932481 /* EdgeViewExtension.swift */; };
		27ED59112937685F00932481 /* Permutation.swift in Sources */ = {isa = PBXBuildFile; fileRef = 27ED59102937685F00932481 /* Permutation.swift */; };
		27ED59132937687800932481 /* Graph.swift in Sources */ = {isa = PBXBuildFile; fileRef = 27ED59122937687800932481 /* Graph.swift */; };
		27ED59152937688D00932481 /* Matrix.swift in Sources */ = {isa = PBXBuildFile; fileRef = 27ED59142937688D00932481 /* Matrix.swift */; };
		27ED5917293768A400932481 /* Gradients.swift in Sources */ = {isa = PBXBuildFile; fileRef = 27ED5916293768A400932481 /* Gradients.swift */; };
		27ED5919293768B700932481 /* TrailingIcon.swift in Sources */ = {isa = PBXBuildFile; fileRef = 27ED5918293768B700932481 /* TrailingIcon.swift */; };
		27ED591B293768CD00932481 /* NumbersOnly.swift in Sources */ = {isa = PBXBuildFile; fileRef = 27ED591A293768CD00932481 /* NumbersOnly.swift */; };
		27ED591E293769B500932481 /* GraphTheoryIntro.swift in Sources */ = {isa = PBXBuildFile; fileRef = 27ED591D293769B500932481 /* GraphTheoryIntro.swift */; };
		27ED5920293769E100932481 /* Graphs.swift in Sources */ = {isa = PBXBuildFile; fileRef = 27ED591F293769E100932481 /* Graphs.swift */; };
		27ED592329376A0C00932481 /* Loops.swift in Sources */ = {isa = PBXBuildFile; fileRef = 27ED592229376A0C00932481 /* Loops.swift */; };
		ED5414ACF4F26FDA4FE2D78B /* Pods_GraphTheory.framework in Frameworks */ = {isa = PBXBuildFile; fileRef = F32D86B92BE8FF8E375D7558 /* Pods_GraphTheory.framework */; };
/* End PBXBuildFile section */

/* Begin PBXFileReference section */
		1AB1AD768D1A7339E86322BF /* Pods-GraphTheory.debug.xcconfig */ = {isa = PBXFileReference; includeInIndex = 1; lastKnownFileType = text.xcconfig; name = "Pods-GraphTheory.debug.xcconfig"; path = "Target Support Files/Pods-GraphTheory/Pods-GraphTheory.debug.xcconfig"; sourceTree = "<group>"; };
		2736F16A2937891B006CAE0E /* Math.swift */ = {isa = PBXFileReference; lastKnownFileType = sourcecode.swift; path = Math.swift; sourceTree = "<group>"; };
		2798EEE62939768600D52C00 /* DefinitionView.swift */ = {isa = PBXFileReference; lastKnownFileType = sourcecode.swift; path = DefinitionView.swift; sourceTree = "<group>"; };
		27ED58D7293763FD00932481 /* GraphTheory.app */ = {isa = PBXFileReference; explicitFileType = wrapper.application; includeInIndex = 0; path = GraphTheory.app; sourceTree = BUILT_PRODUCTS_DIR; };
		27ED58DA293763FD00932481 /* GraphTheoryApp.swift */ = {isa = PBXFileReference; lastKnownFileType = sourcecode.swift; path = GraphTheoryApp.swift; sourceTree = "<group>"; };
		27ED58DC293763FD00932481 /* ContentView.swift */ = {isa = PBXFileReference; lastKnownFileType = sourcecode.swift; path = ContentView.swift; sourceTree = "<group>"; };
		27ED58DE293763FE00932481 /* Assets.xcassets */ = {isa = PBXFileReference; lastKnownFileType = folder.assetcatalog; path = Assets.xcassets; sourceTree = "<group>"; };
		27ED58E1293763FE00932481 /* Preview Assets.xcassets */ = {isa = PBXFileReference; lastKnownFileType = folder.assetcatalog; path = "Preview Assets.xcassets"; sourceTree = "<group>"; };
		27ED58E3293763FE00932481 /* GraphTheory.entitlements */ = {isa = PBXFileReference; lastKnownFileType = text.plist.entitlements; path = GraphTheory.entitlements; sourceTree = "<group>"; };
		27ED58EA2937644000932481 /* Edge.swift */ = {isa = PBXFileReference; lastKnownFileType = sourcecode.swift; path = Edge.swift; sourceTree = "<group>"; };
		27ED58EC2937646200932481 /* Vertex.swift */ = {isa = PBXFileReference; lastKnownFileType = sourcecode.swift; path = Vertex.swift; sourceTree = "<group>"; };
		27ED58EE2937649200932481 /* Canvas.swift */ = {isa = PBXFileReference; lastKnownFileType = sourcecode.swift; path = Canvas.swift; sourceTree = "<group>"; };
		27ED58F0293764B700932481 /* Definition.swift */ = {isa = PBXFileReference; lastKnownFileType = sourcecode.swift; path = Definition.swift; sourceTree = "<group>"; };
		27ED58F3293764DC00932481 /* ModelData.swift */ = {isa = PBXFileReference; lastKnownFileType = sourcecode.swift; path = ModelData.swift; sourceTree = "<group>"; };
		27ED58F52937651300932481 /* PrimTableModel1.swift */ = {isa = PBXFileReference; lastKnownFileType = sourcecode.swift; path = PrimTableModel1.swift; sourceTree = "<group>"; };
		27ED58F72937655C00932481 /* Kruskal1.swift */ = {isa = PBXFileReference; lastKnownFileType = sourcecode.swift; path = Kruskal1.swift; sourceTree = "<group>"; };
		27ED58F92937657D00932481 /* ChinesePostmanModel1.swift */ = {isa = PBXFileReference; lastKnownFileType = sourcecode.swift; path = ChinesePostmanModel1.swift; sourceTree = "<group>"; };
		27ED58FB2937659400932481 /* TSP1.swift */ = {isa = PBXFileReference; lastKnownFileType = sourcecode.swift; path = TSP1.swift; sourceTree = "<group>"; };
		27ED58FD293765AF00932481 /* Konigsberg2.swift */ = {isa = PBXFileReference; lastKnownFileType = sourcecode.swift; path = Konigsberg2.swift; sourceTree = "<group>"; };
		27ED58FF293765CE00932481 /* Konigsberg.swift */ = {isa = PBXFileReference; lastKnownFileType = sourcecode.swift; path = Konigsberg.swift; sourceTree = "<group>"; };
		27ED5902293767B200932481 /* GraphAlgorithm.swift */ = {isa = PBXFileReference; lastKnownFileType = sourcecode.swift; path = GraphAlgorithm.swift; sourceTree = "<group>"; };
		27ED5904293767CA00932481 /* Kruskal.swift */ = {isa = PBXFileReference; lastKnownFileType = sourcecode.swift; path = Kruskal.swift; sourceTree = "<group>"; };
		27ED5906293767E400932481 /* Prim.swift */ = {isa = PBXFileReference; lastKnownFileType = sourcecode.swift; path = Prim.swift; sourceTree = "<group>"; };
		27ED5908293767FD00932481 /* PrimTable.swift */ = {isa = PBXFileReference; lastKnownFileType = sourcecode.swift; path = PrimTable.swift; sourceTree = "<group>"; };
		27ED590A2937681400932481 /* TSP.swift */ = {isa = PBXFileReference; lastKnownFileType = sourcecode.swift; path = TSP.swift; sourceTree = "<group>"; };
		27ED590C2937682F00932481 /* ChinesePostman.swift */ = {isa = PBXFileReference; lastKnownFileType = sourcecode.swift; path = ChinesePostman.swift; sourceTree = "<group>"; };
		27ED590E2937684800932481 /* EdgeViewExtension.swift */ = {isa = PBXFileReference; lastKnownFileType = sourcecode.swift; path = EdgeViewExtension.swift; sourceTree = "<group>"; };
		27ED59102937685F00932481 /* Permutation.swift */ = {isa = PBXFileReference; lastKnownFileType = sourcecode.swift; path = Permutation.swift; sourceTree = "<group>"; };
		27ED59122937687800932481 /* Graph.swift */ = {isa = PBXFileReference; lastKnownFileType = sourcecode.swift; path = Graph.swift; sourceTree = "<group>"; };
		27ED59142937688D00932481 /* Matrix.swift */ = {isa = PBXFileReference; lastKnownFileType = sourcecode.swift; path = Matrix.swift; sourceTree = "<group>"; };
		27ED5916293768A400932481 /* Gradients.swift */ = {isa = PBXFileReference; lastKnownFileType = sourcecode.swift; path = Gradients.swift; sourceTree = "<group>"; };
		27ED5918293768B700932481 /* TrailingIcon.swift */ = {isa = PBXFileReference; lastKnownFileType = sourcecode.swift; path = TrailingIcon.swift; sourceTree = "<group>"; };
		27ED591A293768CD00932481 /* NumbersOnly.swift */ = {isa = PBXFileReference; lastKnownFileType = sourcecode.swift; path = NumbersOnly.swift; sourceTree = "<group>"; };
		27ED591D293769B500932481 /* GraphTheoryIntro.swift */ = {isa = PBXFileReference; lastKnownFileType = sourcecode.swift; path = GraphTheoryIntro.swift; sourceTree = "<group>"; };
		27ED591F293769E100932481 /* Graphs.swift */ = {isa = PBXFileReference; lastKnownFileType = sourcecode.swift; path = Graphs.swift; sourceTree = "<group>"; };
		27ED592229376A0C00932481 /* Loops.swift */ = {isa = PBXFileReference; lastKnownFileType = sourcecode.swift; path = Loops.swift; sourceTree = "<group>"; };
		6771BEC7FA1106851F2435B6 /* Pods-GraphTheory.release.xcconfig */ = {isa = PBXFileReference; includeInIndex = 1; lastKnownFileType = text.xcconfig; name = "Pods-GraphTheory.release.xcconfig"; path = "Target Support Files/Pods-GraphTheory/Pods-GraphTheory.release.xcconfig"; sourceTree = "<group>"; };
		F32D86B92BE8FF8E375D7558 /* Pods_GraphTheory.framework */ = {isa = PBXFileReference; explicitFileType = wrapper.framework; includeInIndex = 0; path = Pods_GraphTheory.framework; sourceTree = BUILT_PRODUCTS_DIR; };
/* End PBXFileReference section */

/* Begin PBXFrameworksBuildPhase section */
		27ED58D4293763FD00932481 /* Frameworks */ = {
			isa = PBXFrameworksBuildPhase;
			buildActionMask = 2147483647;
			files = (
				ED5414ACF4F26FDA4FE2D78B /* Pods_GraphTheory.framework in Frameworks */,
			);
			runOnlyForDeploymentPostprocessing = 0;
		};
/* End PBXFrameworksBuildPhase section */

/* Begin PBXGroup section */
		2798EEE52939766A00D52C00 /* Textbook Models */ = {
			isa = PBXGroup;
			children = (
				27ED58FF293765CE00932481 /* Konigsberg.swift */,
				27ED58FD293765AF00932481 /* Konigsberg2.swift */,
				2798EEE62939768600D52C00 /* DefinitionView.swift */,
			);
			path = "Textbook Models";
			sourceTree = "<group>";
		};
		27ED58CE293763FD00932481 = {
			isa = PBXGroup;
			children = (
				27ED58D9293763FD00932481 /* GraphTheory */,
				27ED58D8293763FD00932481 /* Products */,
				46DAE08EEC4FA907C59CA536 /* Pods */,
				7358E053DCB23F682DE64DB3 /* Frameworks */,
			);
			sourceTree = "<group>";
		};
		27ED58D8293763FD00932481 /* Products */ = {
			isa = PBXGroup;
			children = (
				27ED58D7293763FD00932481 /* GraphTheory.app */,
			);
			name = Products;
			sourceTree = "<group>";
		};
		27ED58D9293763FD00932481 /* GraphTheory */ = {
			isa = PBXGroup;
			children = (
				2798EEE52939766A00D52C00 /* Textbook Models */,
				27ED58DA293763FD00932481 /* GraphTheoryApp.swift */,
				27ED58DC293763FD00932481 /* ContentView.swift */,
				27ED592129376A0000932481 /* Test Files */,
				27ED591C293769A100932481 /* Learn */,
				27ED5901293765DE00932481 /* Algorithms */,
				27ED58F2293764C700932481 /* Models */,
				27ED58E92937643300932481 /* Views */,
				27ED5916293768A400932481 /* Gradients.swift */,
				2736F16A2937891B006CAE0E /* Math.swift */,
				27ED591A293768CD00932481 /* NumbersOnly.swift */,
				27ED5918293768B700932481 /* TrailingIcon.swift */,
				27ED58DE293763FE00932481 /* Assets.xcassets */,
				27ED58E3293763FE00932481 /* GraphTheory.entitlements */,
				27ED58E0293763FE00932481 /* Preview Content */,
			);
			path = GraphTheory;
			sourceTree = "<group>";
		};
		27ED58E0293763FE00932481 /* Preview Content */ = {
			isa = PBXGroup;
			children = (
				27ED58E1293763FE00932481 /* Preview Assets.xcassets */,
			);
			path = "Preview Content";
			sourceTree = "<group>";
		};
		27ED58E92937643300932481 /* Views */ = {
			isa = PBXGroup;
			children = (
				27ED58EA2937644000932481 /* Edge.swift */,
				27ED58EE2937649200932481 /* Canvas.swift */,
				27ED58EC2937646200932481 /* Vertex.swift */,
				27ED58F0293764B700932481 /* Definition.swift */,
			);
			path = Views;
			sourceTree = "<group>";
		};
		27ED58F2293764C700932481 /* Models */ = {
			isa = PBXGroup;
			children = (
				27ED58F3293764DC00932481 /* ModelData.swift */,
				27ED58F52937651300932481 /* PrimTableModel1.swift */,
				27ED58F72937655C00932481 /* Kruskal1.swift */,
				27ED58F92937657D00932481 /* ChinesePostmanModel1.swift */,
				27ED58FB2937659400932481 /* TSP1.swift */,
			);
			path = Models;
			sourceTree = "<group>";
		};
		27ED5901293765DE00932481 /* Algorithms */ = {
			isa = PBXGroup;
			children = (
				27ED5902293767B200932481 /* GraphAlgorithm.swift */,
				27ED5904293767CA00932481 /* Kruskal.swift */,
				27ED5906293767E400932481 /* Prim.swift */,
				27ED5908293767FD00932481 /* PrimTable.swift */,
				27ED590A2937681400932481 /* TSP.swift */,
				27ED590C2937682F00932481 /* ChinesePostman.swift */,
				27ED590E2937684800932481 /* EdgeViewExtension.swift */,
				27ED59102937685F00932481 /* Permutation.swift */,
				27ED59122937687800932481 /* Graph.swift */,
				27ED59142937688D00932481 /* Matrix.swift */,
			);
			path = Algorithms;
			sourceTree = "<group>";
		};
		27ED591C293769A100932481 /* Learn */ = {
			isa = PBXGroup;
			children = (
				27ED591D293769B500932481 /* GraphTheoryIntro.swift */,
				27ED591F293769E100932481 /* Graphs.swift */,
			);
			path = Learn;
			sourceTree = "<group>";
		};
		27ED592129376A0000932481 /* Test Files */ = {
			isa = PBXGroup;
			children = (
				27ED592229376A0C00932481 /* Loops.swift */,
			);
			path = "Test Files";
			sourceTree = "<group>";
		};
		46DAE08EEC4FA907C59CA536 /* Pods */ = {
			isa = PBXGroup;
			children = (
				1AB1AD768D1A7339E86322BF /* Pods-GraphTheory.debug.xcconfig */,
				6771BEC7FA1106851F2435B6 /* Pods-GraphTheory.release.xcconfig */,
			);
			path = Pods;
			sourceTree = "<group>";
		};
		7358E053DCB23F682DE64DB3 /* Frameworks */ = {
			isa = PBXGroup;
			children = (
				F32D86B92BE8FF8E375D7558 /* Pods_GraphTheory.framework */,
			);
			name = Frameworks;
			sourceTree = "<group>";
		};
/* End PBXGroup section */

/* Begin PBXNativeTarget section */
		27ED58D6293763FD00932481 /* GraphTheory */ = {
			isa = PBXNativeTarget;
			buildConfigurationList = 27ED58E6293763FE00932481 /* Build configuration list for PBXNativeTarget "GraphTheory" */;
			buildPhases = (
				D099DA240E2638108A498BAD /* [CP] Check Pods Manifest.lock */,
				27ED58D3293763FD00932481 /* Sources */,
				27ED58D4293763FD00932481 /* Frameworks */,
				27ED58D5293763FD00932481 /* Resources */,
				AA01EDD61FE8131E50DF9429 /* [CP] Embed Pods Frameworks */,
			);
			buildRules = (
			);
			dependencies = (
			);
			name = GraphTheory;
			productName = GraphTheory;
			productReference = 27ED58D7293763FD00932481 /* GraphTheory.app */;
			productType = "com.apple.product-type.application";
		};
/* End PBXNativeTarget section */

/* Begin PBXProject section */
		27ED58CF293763FD00932481 /* Project object */ = {
			isa = PBXProject;
			attributes = {
				BuildIndependentTargetsInParallel = 1;
				LastSwiftUpdateCheck = 1410;
				LastUpgradeCheck = 1410;
				TargetAttributes = {
					27ED58D6293763FD00932481 = {
						CreatedOnToolsVersion = 14.1;
					};
				};
			};
			buildConfigurationList = 27ED58D2293763FD00932481 /* Build configuration list for PBXProject "GraphTheory" */;
			compatibilityVersion = "Xcode 14.0";
			developmentRegion = en;
			hasScannedForEncodings = 0;
			knownRegions = (
				en,
				Base,
			);
			mainGroup = 27ED58CE293763FD00932481;
			productRefGroup = 27ED58D8293763FD00932481 /* Products */;
			projectDirPath = "";
			projectRoot = "";
			targets = (
				27ED58D6293763FD00932481 /* GraphTheory */,
			);
		};
/* End PBXProject section */

/* Begin PBXResourcesBuildPhase section */
		27ED58D5293763FD00932481 /* Resources */ = {
			isa = PBXResourcesBuildPhase;
			buildActionMask = 2147483647;
			files = (
				27ED58E2293763FE00932481 /* Preview Assets.xcassets in Resources */,
				27ED58DF293763FE00932481 /* Assets.xcassets in Resources */,
			);
			runOnlyForDeploymentPostprocessing = 0;
		};
/* End PBXResourcesBuildPhase section */

/* Begin PBXShellScriptBuildPhase section */
		AA01EDD61FE8131E50DF9429 /* [CP] Embed Pods Frameworks */ = {
			isa = PBXShellScriptBuildPhase;
			buildActionMask = 2147483647;
			files = (
			);
			inputFileListPaths = (
				"${PODS_ROOT}/Target Support Files/Pods-GraphTheory/Pods-GraphTheory-frameworks-${CONFIGURATION}-input-files.xcfilelist",
			);
			name = "[CP] Embed Pods Frameworks";
			outputFileListPaths = (
				"${PODS_ROOT}/Target Support Files/Pods-GraphTheory/Pods-GraphTheory-frameworks-${CONFIGURATION}-output-files.xcfilelist",
			);
			runOnlyForDeploymentPostprocessing = 0;
			shellPath = /bin/sh;
			shellScript = "\"${PODS_ROOT}/Target Support Files/Pods-GraphTheory/Pods-GraphTheory-frameworks.sh\"\n";
			showEnvVarsInLog = 0;
		};
		D099DA240E2638108A498BAD /* [CP] Check Pods Manifest.lock */ = {
			isa = PBXShellScriptBuildPhase;
			buildActionMask = 2147483647;
			files = (
			);
			inputFileListPaths = (
			);
			inputPaths = (
				"${PODS_PODFILE_DIR_PATH}/Podfile.lock",
				"${PODS_ROOT}/Manifest.lock",
			);
			name = "[CP] Check Pods Manifest.lock";
			outputFileListPaths = (
			);
			outputPaths = (
				"$(DERIVED_FILE_DIR)/Pods-GraphTheory-checkManifestLockResult.txt",
			);
			runOnlyForDeploymentPostprocessing = 0;
			shellPath = /bin/sh;
			shellScript = "diff \"${PODS_PODFILE_DIR_PATH}/Podfile.lock\" \"${PODS_ROOT}/Manifest.lock\" > /dev/null\nif [ $? != 0 ] ; then\n    # print error to STDERR\n    echo \"error: The sandbox is not in sync with the Podfile.lock. Run 'pod install' or update your CocoaPods installation.\" >&2\n    exit 1\nfi\n# This output is used by Xcode 'outputs' to avoid re-running this script phase.\necho \"SUCCESS\" > \"${SCRIPT_OUTPUT_FILE_0}\"\n";
			showEnvVarsInLog = 0;
		};
/* End PBXShellScriptBuildPhase section */

/* Begin PBXSourcesBuildPhase section */
		27ED58D3293763FD00932481 /* Sources */ = {
			isa = PBXSourcesBuildPhase;
			buildActionMask = 2147483647;
			files = (
				27ED58FC2937659400932481 /* TSP1.swift in Sources */,
				27ED58FE293765AF00932481 /* Konigsberg2.swift in Sources */,
				27ED58DD293763FD00932481 /* ContentView.swift in Sources */,
				27ED58ED2937646200932481 /* Vertex.swift in Sources */,
				27ED591B293768CD00932481 /* NumbersOnly.swift in Sources */,
				27ED5903293767B200932481 /* GraphAlgorithm.swift in Sources */,
				27ED58F62937651300932481 /* PrimTableModel1.swift in Sources */,
				27ED5905293767CA00932481 /* Kruskal.swift in Sources */,
				27ED5920293769E100932481 /* Graphs.swift in Sources */,
				27ED58DB293763FD00932481 /* GraphTheoryApp.swift in Sources */,
				27ED58EF2937649200932481 /* Canvas.swift in Sources */,
				27ED591E293769B500932481 /* GraphTheoryIntro.swift in Sources */,
				27ED58F82937655C00932481 /* Kruskal1.swift in Sources */,
				27ED590D2937682F00932481 /* ChinesePostman.swift in Sources */,
				27ED5917293768A400932481 /* Gradients.swift in Sources */,
				27ED58F1293764B700932481 /* Definition.swift in Sources */,
				27ED58EB2937644000932481 /* Edge.swift in Sources */,
				27ED592329376A0C00932481 /* Loops.swift in Sources */,
				27ED5909293767FD00932481 /* PrimTable.swift in Sources */,
				27ED59152937688D00932481 /* Matrix.swift in Sources */,
				27ED59112937685F00932481 /* Permutation.swift in Sources */,
				27ED590B2937681400932481 /* TSP.swift in Sources */,
				27ED590F2937684800932481 /* EdgeViewExtension.swift in Sources */,
				27ED58FA2937657D00932481 /* ChinesePostmanModel1.swift in Sources */,
				27ED59132937687800932481 /* Graph.swift in Sources */,
				27ED5907293767E400932481 /* Prim.swift in Sources */,
				27ED5900293765CE00932481 /* Konigsberg.swift in Sources */,
				27ED5919293768B700932481 /* TrailingIcon.swift in Sources */,
				27ED58F4293764DC00932481 /* ModelData.swift in Sources */,
				2736F16B2937891B006CAE0E /* Math.swift in Sources */,
				2798EEE72939768600D52C00 /* DefinitionView.swift in Sources */,
			);
			runOnlyForDeploymentPostprocessing = 0;
		};
/* End PBXSourcesBuildPhase section */

/* Begin XCBuildConfiguration section */
		27ED58E4293763FE00932481 /* Debug */ = {
			isa = XCBuildConfiguration;
			buildSettings = {
				ALWAYS_SEARCH_USER_PATHS = NO;
				CLANG_ANALYZER_NONNULL = YES;
				CLANG_ANALYZER_NUMBER_OBJECT_CONVERSION = YES_AGGRESSIVE;
				CLANG_CXX_LANGUAGE_STANDARD = "gnu++20";
				CLANG_ENABLE_MODULES = YES;
				CLANG_ENABLE_OBJC_ARC = YES;
				CLANG_ENABLE_OBJC_WEAK = YES;
				CLANG_WARN_BLOCK_CAPTURE_AUTORELEASING = YES;
				CLANG_WARN_BOOL_CONVERSION = YES;
				CLANG_WARN_COMMA = YES;
				CLANG_WARN_CONSTANT_CONVERSION = YES;
				CLANG_WARN_DEPRECATED_OBJC_IMPLEMENTATIONS = YES;
				CLANG_WARN_DIRECT_OBJC_ISA_USAGE = YES_ERROR;
				CLANG_WARN_DOCUMENTATION_COMMENTS = YES;
				CLANG_WARN_EMPTY_BODY = YES;
				CLANG_WARN_ENUM_CONVERSION = YES;
				CLANG_WARN_INFINITE_RECURSION = YES;
				CLANG_WARN_INT_CONVERSION = YES;
				CLANG_WARN_NON_LITERAL_NULL_CONVERSION = YES;
				CLANG_WARN_OBJC_IMPLICIT_RETAIN_SELF = YES;
				CLANG_WARN_OBJC_LITERAL_CONVERSION = YES;
				CLANG_WARN_OBJC_ROOT_CLASS = YES_ERROR;
				CLANG_WARN_QUOTED_INCLUDE_IN_FRAMEWORK_HEADER = YES;
				CLANG_WARN_RANGE_LOOP_ANALYSIS = YES;
				CLANG_WARN_STRICT_PROTOTYPES = YES;
				CLANG_WARN_SUSPICIOUS_MOVE = YES;
				CLANG_WARN_UNGUARDED_AVAILABILITY = YES_AGGRESSIVE;
				CLANG_WARN_UNREACHABLE_CODE = YES;
				CLANG_WARN__DUPLICATE_METHOD_MATCH = YES;
				COPY_PHASE_STRIP = NO;
				DEBUG_INFORMATION_FORMAT = dwarf;
				ENABLE_STRICT_OBJC_MSGSEND = YES;
				ENABLE_TESTABILITY = YES;
				GCC_C_LANGUAGE_STANDARD = gnu11;
				GCC_DYNAMIC_NO_PIC = NO;
				GCC_NO_COMMON_BLOCKS = YES;
				GCC_OPTIMIZATION_LEVEL = 0;
				GCC_PREPROCESSOR_DEFINITIONS = (
					"DEBUG=1",
					"$(inherited)",
				);
				GCC_WARN_64_TO_32_BIT_CONVERSION = YES;
				GCC_WARN_ABOUT_RETURN_TYPE = YES_ERROR;
				GCC_WARN_UNDECLARED_SELECTOR = YES;
				GCC_WARN_UNINITIALIZED_AUTOS = YES_AGGRESSIVE;
				GCC_WARN_UNUSED_FUNCTION = YES;
				GCC_WARN_UNUSED_VARIABLE = YES;
				MACOSX_DEPLOYMENT_TARGET = 13.0;
				MTL_ENABLE_DEBUG_INFO = INCLUDE_SOURCE;
				MTL_FAST_MATH = YES;
				ONLY_ACTIVE_ARCH = YES;
				SDKROOT = macosx;
				SWIFT_ACTIVE_COMPILATION_CONDITIONS = DEBUG;
				SWIFT_OPTIMIZATION_LEVEL = "-Onone";
			};
			name = Debug;
		};
		27ED58E5293763FE00932481 /* Release */ = {
			isa = XCBuildConfiguration;
			buildSettings = {
				ALWAYS_SEARCH_USER_PATHS = NO;
				CLANG_ANALYZER_NONNULL = YES;
				CLANG_ANALYZER_NUMBER_OBJECT_CONVERSION = YES_AGGRESSIVE;
				CLANG_CXX_LANGUAGE_STANDARD = "gnu++20";
				CLANG_ENABLE_MODULES = YES;
				CLANG_ENABLE_OBJC_ARC = YES;
				CLANG_ENABLE_OBJC_WEAK = YES;
				CLANG_WARN_BLOCK_CAPTURE_AUTORELEASING = YES;
				CLANG_WARN_BOOL_CONVERSION = YES;
				CLANG_WARN_COMMA = YES;
				CLANG_WARN_CONSTANT_CONVERSION = YES;
				CLANG_WARN_DEPRECATED_OBJC_IMPLEMENTATIONS = YES;
				CLANG_WARN_DIRECT_OBJC_ISA_USAGE = YES_ERROR;
				CLANG_WARN_DOCUMENTATION_COMMENTS = YES;
				CLANG_WARN_EMPTY_BODY = YES;
				CLANG_WARN_ENUM_CONVERSION = YES;
				CLANG_WARN_INFINITE_RECURSION = YES;
				CLANG_WARN_INT_CONVERSION = YES;
				CLANG_WARN_NON_LITERAL_NULL_CONVERSION = YES;
				CLANG_WARN_OBJC_IMPLICIT_RETAIN_SELF = YES;
				CLANG_WARN_OBJC_LITERAL_CONVERSION = YES;
				CLANG_WARN_OBJC_ROOT_CLASS = YES_ERROR;
				CLANG_WARN_QUOTED_INCLUDE_IN_FRAMEWORK_HEADER = YES;
				CLANG_WARN_RANGE_LOOP_ANALYSIS = YES;
				CLANG_WARN_STRICT_PROTOTYPES = YES;
				CLANG_WARN_SUSPICIOUS_MOVE = YES;
				CLANG_WARN_UNGUARDED_AVAILABILITY = YES_AGGRESSIVE;
				CLANG_WARN_UNREACHABLE_CODE = YES;
				CLANG_WARN__DUPLICATE_METHOD_MATCH = YES;
				COPY_PHASE_STRIP = NO;
				DEBUG_INFORMATION_FORMAT = "dwarf-with-dsym";
				ENABLE_NS_ASSERTIONS = NO;
				ENABLE_STRICT_OBJC_MSGSEND = YES;
				GCC_C_LANGUAGE_STANDARD = gnu11;
				GCC_NO_COMMON_BLOCKS = YES;
				GCC_WARN_64_TO_32_BIT_CONVERSION = YES;
				GCC_WARN_ABOUT_RETURN_TYPE = YES_ERROR;
				GCC_WARN_UNDECLARED_SELECTOR = YES;
				GCC_WARN_UNINITIALIZED_AUTOS = YES_AGGRESSIVE;
				GCC_WARN_UNUSED_FUNCTION = YES;
				GCC_WARN_UNUSED_VARIABLE = YES;
				MACOSX_DEPLOYMENT_TARGET = 13.0;
				MTL_ENABLE_DEBUG_INFO = NO;
				MTL_FAST_MATH = YES;
				SDKROOT = macosx;
				SWIFT_COMPILATION_MODE = wholemodule;
				SWIFT_OPTIMIZATION_LEVEL = "-O";
			};
			name = Release;
		};
		27ED58E7293763FE00932481 /* Debug */ = {
			isa = XCBuildConfiguration;
			baseConfigurationReference = 1AB1AD768D1A7339E86322BF /* Pods-GraphTheory.debug.xcconfig */;
			buildSettings = {
				ASSETCATALOG_COMPILER_APPICON_NAME = AppIcon;
				ASSETCATALOG_COMPILER_GLOBAL_ACCENT_COLOR_NAME = AccentColor;
				CODE_SIGN_ENTITLEMENTS = GraphTheory/GraphTheory.entitlements;
				CODE_SIGN_STYLE = Automatic;
				COMBINE_HIDPI_IMAGES = YES;
				CURRENT_PROJECT_VERSION = 1;
				DEVELOPMENT_ASSET_PATHS = "\"GraphTheory/Preview Content\"";
				DEVELOPMENT_TEAM = 7732MA8V6Y;
				ENABLE_HARDENED_RUNTIME = YES;
				ENABLE_PREVIEWS = YES;
				GENERATE_INFOPLIST_FILE = YES;
				INFOPLIST_KEY_NSHumanReadableCopyright = "";
				LD_RUNPATH_SEARCH_PATHS = (
					"$(inherited)",
					"@executable_path/../Frameworks",
				);
				MARKETING_VERSION = 1.0;
				PRODUCT_BUNDLE_IDENTIFIER = personal.GraphTheory;
				PRODUCT_NAME = "$(TARGET_NAME)";
				SWIFT_EMIT_LOC_STRINGS = YES;
				SWIFT_VERSION = 5.0;
			};
			name = Debug;
		};
		27ED58E8293763FE00932481 /* Release */ = {
			isa = XCBuildConfiguration;
			baseConfigurationReference = 6771BEC7FA1106851F2435B6 /* Pods-GraphTheory.release.xcconfig */;
			buildSettings = {
				ASSETCATALOG_COMPILER_APPICON_NAME = AppIcon;
				ASSETCATALOG_COMPILER_GLOBAL_ACCENT_COLOR_NAME = AccentColor;
				CODE_SIGN_ENTITLEMENTS = GraphTheory/GraphTheory.entitlements;
				CODE_SIGN_STYLE = Automatic;
				COMBINE_HIDPI_IMAGES = YES;
				CURRENT_PROJECT_VERSION = 1;
				DEVELOPMENT_ASSET_PATHS = "\"GraphTheory/Preview Content\"";
				DEVELOPMENT_TEAM = 7732MA8V6Y;
				ENABLE_HARDENED_RUNTIME = YES;
				ENABLE_PREVIEWS = YES;
				GENERATE_INFOPLIST_FILE = YES;
				INFOPLIST_KEY_NSHumanReadableCopyright = "";
				LD_RUNPATH_SEARCH_PATHS = (
					"$(inherited)",
					"@executable_path/../Frameworks",
				);
				MARKETING_VERSION = 1.0;
				PRODUCT_BUNDLE_IDENTIFIER = personal.GraphTheory;
				PRODUCT_NAME = "$(TARGET_NAME)";
				SWIFT_EMIT_LOC_STRINGS = YES;
				SWIFT_VERSION = 5.0;
			};
			name = Release;
		};
/* End XCBuildConfiguration section */

/* Begin XCConfigurationList section */
		27ED58D2293763FD00932481 /* Build configuration list for PBXProject "GraphTheory" */ = {
			isa = XCConfigurationList;
			buildConfigurations = (
				27ED58E4293763FE00932481 /* Debug */,
				27ED58E5293763FE00932481 /* Release */,
			);
			defaultConfigurationIsVisible = 0;
			defaultConfigurationName = Release;
		};
		27ED58E6293763FE00932481 /* Build configuration list for PBXNativeTarget "GraphTheory" */ = {
			isa = XCConfigurationList;
			buildConfigurations = (
				27ED58E7293763FE00932481 /* Debug */,
				27ED58E8293763FE00932481 /* Release */,
			);
			defaultConfigurationIsVisible = 0;
			defaultConfigurationName = Release;
		};
/* End XCConfigurationList section */
	};
	rootObject = 27ED58CF293763FD00932481 /* Project object */;
}
